
Microsoft Visual Studio Solution File, Format Version 12.00
# Visual Studio Version 17
VisualStudioVersion = 17.11.35327.3
MinimumVisualStudioVersion = 10.0.40219.1
Project("{FAE04EC0-301F-11D3-BF4B-00C04F79EFBC}") = "CRUD.Shared", "CRUD.Shared\CRUD.Shared.csproj", "{5B6D0E7C-38EF-4090-AFFA-DA8ECB3561F0}"
EndProject
Project("{FAE04EC0-301F-11D3-BF4B-00C04F79EFBC}") = "CRUD.Backend", "CRUD.Backend\CRUD.Backend.csproj", "{27C220C7-0629-4FCB-97D8-FE095F7787F8}"
EndProject
Project("{FAE04EC0-301F-11D3-BF4B-00C04F79EFBC}") = "CRUD.Frontend", "CRUD.Frontend\CRUD.Frontend.csproj", "{42A6B827-187C-4342-B545-28839677D831}"
EndProject
Global
	GlobalSection(SolutionConfigurationPlatforms) = preSolution
		Debug|Any CPU = Debug|Any CPU
		Release|Any CPU = Release|Any CPU
	EndGlobalSection
	GlobalSection(ProjectConfigurationPlatforms) = postSolution
		{5B6D0E7C-38EF-4090-AFFA-DA8ECB3561F0}.Debug|Any CPU.ActiveCfg = Debug|Any CPU
		{5B6D0E7C-38EF-4090-AFFA-DA8ECB3561F0}.Debug|Any CPU.Build.0 = Debug|Any CPU
		{5B6D0E7C-38EF-4090-AFFA-DA8ECB3561F0}.Release|Any CPU.ActiveCfg = Release|Any CPU
		{5B6D0E7C-38EF-4090-AFFA-DA8ECB3561F0}.Release|Any CPU.Build.0 = Release|Any CPU
		{27C220C7-0629-4FCB-97D8-FE095F7787F8}.Debug|Any CPU.ActiveCfg = Debug|Any CPU
		{27C220C7-0629-4FCB-97D8-FE095F7787F8}.Debug|Any CPU.Build.0 = Debug|Any CPU
		{27C220C7-0629-4FCB-97D8-FE095F7787F8}.Release|Any CPU.ActiveCfg = Release|Any CPU
		{27C220C7-0629-4FCB-97D8-FE095F7787F8}.Release|Any CPU.Build.0 = Release|Any CPU
		{42A6B827-187C-4342-B545-28839677D831}.Debug|Any CPU.ActiveCfg = Debug|Any CPU
		{42A6B827-187C-4342-B545-28839677D831}.Debug|Any CPU.Build.0 = Debug|Any CPU
		{42A6B827-187C-4342-B545-28839677D831}.Release|Any CPU.ActiveCfg = Release|Any CPU
		{42A6B827-187C-4342-B545-28839677D831}.Release|Any CPU.Build.0 = Release|Any CPU
	EndGlobalSection
	GlobalSection(SolutionProperties) = preSolution
		HideSolutionNode = FALSE
	EndGlobalSection
	GlobalSection(ExtensibilityGlobals) = postSolution
		SolutionGuid = {B98E5AE0-4A83-4F80-82D8-5E06A4649DC2}
	EndGlobalSection
EndGlobal
